
Microsoft Visual Studio Solution File, Format Version 12.00
# Visual Studio Version 17
VisualStudioVersion = 17.9.34728.123
MinimumVisualStudioVersion = 10.0.40219.1
Project("{FAE04EC0-301F-11D3-BF4B-00C04F79EFBC}") = "cchuquitarcoT6", "cchuquitarcoT6.csproj", "{FDCB55A8-DDAA-45F9-8AA4-5C79F9C244FD}"
EndProject
Global
	GlobalSection(SolutionConfigurationPlatforms) = preSolution
		Debug|Any CPU = Debug|Any CPU
		Release|Any CPU = Release|Any CPU
	EndGlobalSection
	GlobalSection(ProjectConfigurationPlatforms) = postSolution
		{FDCB55A8-DDAA-45F9-8AA4-5C79F9C244FD}.Debug|Any CPU.ActiveCfg = Debug|Any CPU
		{FDCB55A8-DDAA-45F9-8AA4-5C79F9C244FD}.Debug|Any CPU.Build.0 = Debug|Any CPU
		{FDCB55A8-DDAA-45F9-8AA4-5C79F9C244FD}.Debug|Any CPU.Deploy.0 = Debug|Any CPU
		{FDCB55A8-DDAA-45F9-8AA4-5C79F9C244FD}.Release|Any CPU.ActiveCfg = Release|Any CPU
		{FDCB55A8-DDAA-45F9-8AA4-5C79F9C244FD}.Release|Any CPU.Build.0 = Release|Any CPU
		{FDCB55A8-DDAA-45F9-8AA4-5C79F9C244FD}.Release|Any CPU.Deploy.0 = Release|Any CPU
	EndGlobalSection
	GlobalSection(SolutionProperties) = preSolution
		HideSolutionNode = FALSE
	EndGlobalSection
	GlobalSection(ExtensibilityGlobals) = postSolution
		SolutionGuid = {18D16759-2319-4D19-B6B9-7F3B3661844E}
	EndGlobalSection
EndGlobal
